
Microsoft Visual Studio Solution File, Format Version 12.00
# Visual Studio Version 17
VisualStudioVersion = 17.1.32210.238
MinimumVisualStudioVersion = 10.0.40219.1
Project("{FAE04EC0-301F-11D3-BF4B-00C04F79EFBC}") = "KampGunUc", "KampGunUc\KampGunUc.csproj", "{1287765F-61ED-49DE-89CB-247962FD79F1}"
EndProject
Project("{FAE04EC0-301F-11D3-BF4B-00C04F79EFBC}") = "Matematik", "Matematik\Matematik.csproj", "{BF5C8209-211C-4318-89C9-0F0AB911BF06}"
EndProject
Project("{FAE04EC0-301F-11D3-BF4B-00C04F79EFBC}") = "DegerVeReferansTıpler", "DegerVeReferansTıpler\DegerVeReferansTıpler.csproj", "{83F647C4-0F88-4E0B-B242-C2A6FB435CFC}"
EndProject
Global
	GlobalSection(SolutionConfigurationPlatforms) = preSolution
		Debug|Any CPU = Debug|Any CPU
		Release|Any CPU = Release|Any CPU
	EndGlobalSection
	GlobalSection(ProjectConfigurationPlatforms) = postSolution
		{1287765F-61ED-49DE-89CB-247962FD79F1}.Debug|Any CPU.ActiveCfg = Debug|Any CPU
		{1287765F-61ED-49DE-89CB-247962FD79F1}.Debug|Any CPU.Build.0 = Debug|Any CPU
		{1287765F-61ED-49DE-89CB-247962FD79F1}.Release|Any CPU.ActiveCfg = Release|Any CPU
		{1287765F-61ED-49DE-89CB-247962FD79F1}.Release|Any CPU.Build.0 = Release|Any CPU
		{BF5C8209-211C-4318-89C9-0F0AB911BF06}.Debug|Any CPU.ActiveCfg = Debug|Any CPU
		{BF5C8209-211C-4318-89C9-0F0AB911BF06}.Debug|Any CPU.Build.0 = Debug|Any CPU
		{BF5C8209-211C-4318-89C9-0F0AB911BF06}.Release|Any CPU.ActiveCfg = Release|Any CPU
		{BF5C8209-211C-4318-89C9-0F0AB911BF06}.Release|Any CPU.Build.0 = Release|Any CPU
		{83F647C4-0F88-4E0B-B242-C2A6FB435CFC}.Debug|Any CPU.ActiveCfg = Debug|Any CPU
		{83F647C4-0F88-4E0B-B242-C2A6FB435CFC}.Debug|Any CPU.Build.0 = Debug|Any CPU
		{83F647C4-0F88-4E0B-B242-C2A6FB435CFC}.Release|Any CPU.ActiveCfg = Release|Any CPU
		{83F647C4-0F88-4E0B-B242-C2A6FB435CFC}.Release|Any CPU.Build.0 = Release|Any CPU
	EndGlobalSection
	GlobalSection(SolutionProperties) = preSolution
		HideSolutionNode = FALSE
	EndGlobalSection
	GlobalSection(ExtensibilityGlobals) = postSolution
		SolutionGuid = {9929DCF3-3F02-4585-A4EC-D93D5BBE453E}
	EndGlobalSection
EndGlobal
